// !$*UTF8*$!
{
	archiveVersion = 1;
	classes = {
	};
	objectVersion = 77;
	objects = {

/* Begin PBXBuildFile section */
		252471EE2D595FD600625264 /* CommonKit in Frameworks */ = {isa = PBXBuildFile; productRef = 252471ED2D595FD600625264 /* CommonKit */; };
		252471F12D595FE300625264 /* FetchCounterModule in Frameworks */ = {isa = PBXBuildFile; productRef = 252471F02D595FE300625264 /* FetchCounterModule */; };
		252471F62D5964E700625264 /* ComponentKit in Frameworks */ = {isa = PBXBuildFile; productRef = 252471F52D5964E700625264 /* ComponentKit */; };
		258DB7722D5A17820030EFC2 /* ConfigKit in Frameworks */ = {isa = PBXBuildFile; productRef = 258DB7712D5A17820030EFC2 /* ConfigKit */; };
		258DB7752D5A17E80030EFC2 /* ConfigKit in Frameworks */ = {isa = PBXBuildFile; productRef = 258DB7742D5A17E80030EFC2 /* ConfigKit */; };
		25AF01412D57EE8A00F26659 /* GlobalNetworking in Frameworks */ = {isa = PBXBuildFile; productRef = 25AF01402D57EE8A00F26659 /* GlobalNetworking */; };
/* End PBXBuildFile section */

/* Begin PBXFileReference section */
		25B3EB5B2D57C84E005DF855 /* GlobalFetchCounter.app */ = {isa = PBXFileReference; explicitFileType = wrapper.application; includeInIndex = 0; path = GlobalFetchCounter.app; sourceTree = BUILT_PRODUCTS_DIR; };
/* End PBXFileReference section */

/* Begin PBXFileSystemSynchronizedBuildFileExceptionSet section */
		25040B2E2D5801AF005E0D72 /* Exceptions for "GlobalFetchCounter" folder in "GlobalFetchCounter" target */ = {
			isa = PBXFileSystemSynchronizedBuildFileExceptionSet;
			membershipExceptions = (
				Info.plist,
				Packages/CommonKit,
				Packages/ConfigKit,
				Packages/FetchCounterModule,
			);
			target = 25B3EB5A2D57C84E005DF855 /* GlobalFetchCounter */;
		};
/* End PBXFileSystemSynchronizedBuildFileExceptionSet section */

/* Begin PBXFileSystemSynchronizedRootGroup section */
		25B3EB5D2D57C84E005DF855 /* GlobalFetchCounter */ = {
			isa = PBXFileSystemSynchronizedRootGroup;
			exceptions = (
				25040B2E2D5801AF005E0D72 /* Exceptions for "GlobalFetchCounter" folder in "GlobalFetchCounter" target */,
			);
			path = GlobalFetchCounter;
			sourceTree = "<group>";
		};
/* End PBXFileSystemSynchronizedRootGroup section */

/* Begin PBXFrameworksBuildPhase section */
		25B3EB582D57C84E005DF855 /* Frameworks */ = {
			isa = PBXFrameworksBuildPhase;
			buildActionMask = 2147483647;
			files = (
				258DB7722D5A17820030EFC2 /* ConfigKit in Frameworks */,
				258DB7752D5A17E80030EFC2 /* ConfigKit in Frameworks */,
				252471EE2D595FD600625264 /* CommonKit in Frameworks */,
				252471F12D595FE300625264 /* FetchCounterModule in Frameworks */,
				25AF01412D57EE8A00F26659 /* GlobalNetworking in Frameworks */,
				252471F62D5964E700625264 /* ComponentKit in Frameworks */,
			);
			runOnlyForDeploymentPostprocessing = 0;
		};
/* End PBXFrameworksBuildPhase section */

/* Begin PBXGroup section */
		25B3EB522D57C84E005DF855 = {
			isa = PBXGroup;
			children = (
				25B3EB5D2D57C84E005DF855 /* GlobalFetchCounter */,
				25B3EB5C2D57C84E005DF855 /* Products */,
			);
			sourceTree = "<group>";
		};
		25B3EB5C2D57C84E005DF855 /* Products */ = {
			isa = PBXGroup;
			children = (
				25B3EB5B2D57C84E005DF855 /* GlobalFetchCounter.app */,
			);
			name = Products;
			sourceTree = "<group>";
		};
/* End PBXGroup section */

/* Begin PBXNativeTarget section */
		25B3EB5A2D57C84E005DF855 /* GlobalFetchCounter */ = {
			isa = PBXNativeTarget;
			buildConfigurationList = 25B3EB7F2D57C84F005DF855 /* Build configuration list for PBXNativeTarget "GlobalFetchCounter" */;
			buildPhases = (
				25B3EB572D57C84E005DF855 /* Sources */,
				25B3EB582D57C84E005DF855 /* Frameworks */,
				25B3EB592D57C84E005DF855 /* Resources */,
			);
			buildRules = (
			);
			dependencies = (
			);
			fileSystemSynchronizedGroups = (
				25B3EB5D2D57C84E005DF855 /* GlobalFetchCounter */,
			);
			name = GlobalFetchCounter;
			packageProductDependencies = (
				25AF01402D57EE8A00F26659 /* GlobalNetworking */,
				252471ED2D595FD600625264 /* CommonKit */,
				252471F02D595FE300625264 /* FetchCounterModule */,
				252471F52D5964E700625264 /* ComponentKit */,
				258DB7712D5A17820030EFC2 /* ConfigKit */,
				258DB7742D5A17E80030EFC2 /* ConfigKit */,
			);
			productName = GlobalFetchCounter;
			productReference = 25B3EB5B2D57C84E005DF855 /* GlobalFetchCounter.app */;
			productType = "com.apple.product-type.application";
		};
/* End PBXNativeTarget section */

/* Begin PBXProject section */
		25B3EB532D57C84E005DF855 /* Project object */ = {
			isa = PBXProject;
			attributes = {
				BuildIndependentTargetsInParallel = 1;
				LastSwiftUpdateCheck = 1620;
				LastUpgradeCheck = 1620;
				TargetAttributes = {
					25B3EB5A2D57C84E005DF855 = {
						CreatedOnToolsVersion = 16.2;
					};
				};
			};
			buildConfigurationList = 25B3EB562D57C84E005DF855 /* Build configuration list for PBXProject "GlobalFetchCounter" */;
			developmentRegion = en;
			hasScannedForEncodings = 0;
			knownRegions = (
				en,
				Base,
			);
			mainGroup = 25B3EB522D57C84E005DF855;
			minimizedProjectReferenceProxies = 1;
			packageReferences = (
				25AF013F2D57EE8A00F26659 /* XCRemoteSwiftPackageReference "GlobalNetworking" */,
				252471EC2D595FD600625264 /* XCLocalSwiftPackageReference "GlobalFetchCounter/Packages/CommonKit" */,
				252471EF2D595FE300625264 /* XCLocalSwiftPackageReference "GlobalFetchCounter/Packages/FetchCounterModule" */,
				252471F42D5964E700625264 /* XCLocalSwiftPackageReference "GlobalFetchCounter/Packages/ComponentKit" */,
				258DB7732D5A17E80030EFC2 /* XCLocalSwiftPackageReference "GlobalFetchCounter/Packages/ConfigKit" */,
			);
			preferredProjectObjectVersion = 77;
			productRefGroup = 25B3EB5C2D57C84E005DF855 /* Products */;
			projectDirPath = "";
			projectRoot = "";
			targets = (
				25B3EB5A2D57C84E005DF855 /* GlobalFetchCounter */,
			);
		};
/* End PBXProject section */

/* Begin PBXResourcesBuildPhase section */
		25B3EB592D57C84E005DF855 /* Resources */ = {
			isa = PBXResourcesBuildPhase;
			buildActionMask = 2147483647;
			files = (
			);
			runOnlyForDeploymentPostprocessing = 0;
		};
/* End PBXResourcesBuildPhase section */

/* Begin PBXSourcesBuildPhase section */
		25B3EB572D57C84E005DF855 /* Sources */ = {
			isa = PBXSourcesBuildPhase;
			buildActionMask = 2147483647;
			files = (
			);
			runOnlyForDeploymentPostprocessing = 0;
		};
/* End PBXSourcesBuildPhase section */

/* Begin XCBuildConfiguration section */
		25B3EB7D2D57C84F005DF855 /* Debug */ = {
			isa = XCBuildConfiguration;
			buildSettings = {
				ALWAYS_SEARCH_USER_PATHS = NO;
				ASSETCATALOG_COMPILER_GENERATE_SWIFT_ASSET_SYMBOL_EXTENSIONS = YES;
				CLANG_ANALYZER_NONNULL = YES;
				CLANG_ANALYZER_NUMBER_OBJECT_CONVERSION = YES_AGGRESSIVE;
				CLANG_CXX_LANGUAGE_STANDARD = "gnu++20";
				CLANG_ENABLE_MODULES = YES;
				CLANG_ENABLE_OBJC_ARC = YES;
				CLANG_ENABLE_OBJC_WEAK = YES;
				CLANG_WARN_BLOCK_CAPTURE_AUTORELEASING = YES;
				CLANG_WARN_BOOL_CONVERSION = YES;
				CLANG_WARN_COMMA = YES;
				CLANG_WARN_CONSTANT_CONVERSION = YES;
				CLANG_WARN_DEPRECATED_OBJC_IMPLEMENTATIONS = YES;
				CLANG_WARN_DIRECT_OBJC_ISA_USAGE = YES_ERROR;
				CLANG_WARN_DOCUMENTATION_COMMENTS = YES;
				CLANG_WARN_EMPTY_BODY = YES;
				CLANG_WARN_ENUM_CONVERSION = YES;
				CLANG_WARN_INFINITE_RECURSION = YES;
				CLANG_WARN_INT_CONVERSION = YES;
				CLANG_WARN_NON_LITERAL_NULL_CONVERSION = YES;
				CLANG_WARN_OBJC_IMPLICIT_RETAIN_SELF = YES;
				CLANG_WARN_OBJC_LITERAL_CONVERSION = YES;
				CLANG_WARN_OBJC_ROOT_CLASS = YES_ERROR;
				CLANG_WARN_QUOTED_INCLUDE_IN_FRAMEWORK_HEADER = YES;
				CLANG_WARN_RANGE_LOOP_ANALYSIS = YES;
				CLANG_WARN_STRICT_PROTOTYPES = YES;
				CLANG_WARN_SUSPICIOUS_MOVE = YES;
				CLANG_WARN_UNGUARDED_AVAILABILITY = YES_AGGRESSIVE;
				CLANG_WARN_UNREACHABLE_CODE = YES;
				CLANG_WARN__DUPLICATE_METHOD_MATCH = YES;
				COPY_PHASE_STRIP = NO;
				DEBUG_INFORMATION_FORMAT = dwarf;
				ENABLE_STRICT_OBJC_MSGSEND = YES;
				ENABLE_TESTABILITY = YES;
				ENABLE_USER_SCRIPT_SANDBOXING = YES;
				GCC_C_LANGUAGE_STANDARD = gnu17;
				GCC_DYNAMIC_NO_PIC = NO;
				GCC_NO_COMMON_BLOCKS = YES;
				GCC_OPTIMIZATION_LEVEL = 0;
				GCC_PREPROCESSOR_DEFINITIONS = (
					"DEBUG=1",
					"$(inherited)",
				);
				GCC_WARN_64_TO_32_BIT_CONVERSION = YES;
				GCC_WARN_ABOUT_RETURN_TYPE = YES_ERROR;
				GCC_WARN_UNDECLARED_SELECTOR = YES;
				GCC_WARN_UNINITIALIZED_AUTOS = YES_AGGRESSIVE;
				GCC_WARN_UNUSED_FUNCTION = YES;
				GCC_WARN_UNUSED_VARIABLE = YES;
				IPHONEOS_DEPLOYMENT_TARGET = 18.2;
				LOCALIZATION_PREFERS_STRING_CATALOGS = YES;
				MTL_ENABLE_DEBUG_INFO = INCLUDE_SOURCE;
				MTL_FAST_MATH = YES;
				ONLY_ACTIVE_ARCH = YES;
				SDKROOT = iphoneos;
				SWIFT_ACTIVE_COMPILATION_CONDITIONS = "DEBUG $(inherited)";
				SWIFT_OPTIMIZATION_LEVEL = "-Onone";
			};
			name = Debug;
		};
		25B3EB7E2D57C84F005DF855 /* Release */ = {
			isa = XCBuildConfiguration;
			buildSettings = {
				ALWAYS_SEARCH_USER_PATHS = NO;
				ASSETCATALOG_COMPILER_GENERATE_SWIFT_ASSET_SYMBOL_EXTENSIONS = YES;
				CLANG_ANALYZER_NONNULL = YES;
				CLANG_ANALYZER_NUMBER_OBJECT_CONVERSION = YES_AGGRESSIVE;
				CLANG_CXX_LANGUAGE_STANDARD = "gnu++20";
				CLANG_ENABLE_MODULES = YES;
				CLANG_ENABLE_OBJC_ARC = YES;
				CLANG_ENABLE_OBJC_WEAK = YES;
				CLANG_WARN_BLOCK_CAPTURE_AUTORELEASING = YES;
				CLANG_WARN_BOOL_CONVERSION = YES;
				CLANG_WARN_COMMA = YES;
				CLANG_WARN_CONSTANT_CONVERSION = YES;
				CLANG_WARN_DEPRECATED_OBJC_IMPLEMENTATIONS = YES;
				CLANG_WARN_DIRECT_OBJC_ISA_USAGE = YES_ERROR;
				CLANG_WARN_DOCUMENTATION_COMMENTS = YES;
				CLANG_WARN_EMPTY_BODY = YES;
				CLANG_WARN_ENUM_CONVERSION = YES;
				CLANG_WARN_INFINITE_RECURSION = YES;
				CLANG_WARN_INT_CONVERSION = YES;
				CLANG_WARN_NON_LITERAL_NULL_CONVERSION = YES;
				CLANG_WARN_OBJC_IMPLICIT_RETAIN_SELF = YES;
				CLANG_WARN_OBJC_LITERAL_CONVERSION = YES;
				CLANG_WARN_OBJC_ROOT_CLASS = YES_ERROR;
				CLANG_WARN_QUOTED_INCLUDE_IN_FRAMEWORK_HEADER = YES;
				CLANG_WARN_RANGE_LOOP_ANALYSIS = YES;
				CLANG_WARN_STRICT_PROTOTYPES = YES;
				CLANG_WARN_SUSPICIOUS_MOVE = YES;
				CLANG_WARN_UNGUARDED_AVAILABILITY = YES_AGGRESSIVE;
				CLANG_WARN_UNREACHABLE_CODE = YES;
				CLANG_WARN__DUPLICATE_METHOD_MATCH = YES;
				COPY_PHASE_STRIP = NO;
				DEBUG_INFORMATION_FORMAT = "dwarf-with-dsym";
				ENABLE_NS_ASSERTIONS = NO;
				ENABLE_STRICT_OBJC_MSGSEND = YES;
				ENABLE_USER_SCRIPT_SANDBOXING = YES;
				GCC_C_LANGUAGE_STANDARD = gnu17;
				GCC_NO_COMMON_BLOCKS = YES;
				GCC_WARN_64_TO_32_BIT_CONVERSION = YES;
				GCC_WARN_ABOUT_RETURN_TYPE = YES_ERROR;
				GCC_WARN_UNDECLARED_SELECTOR = YES;
				GCC_WARN_UNINITIALIZED_AUTOS = YES_AGGRESSIVE;
				GCC_WARN_UNUSED_FUNCTION = YES;
				GCC_WARN_UNUSED_VARIABLE = YES;
				IPHONEOS_DEPLOYMENT_TARGET = 18.2;
				LOCALIZATION_PREFERS_STRING_CATALOGS = YES;
				MTL_ENABLE_DEBUG_INFO = NO;
				MTL_FAST_MATH = YES;
				SDKROOT = iphoneos;
				SWIFT_COMPILATION_MODE = wholemodule;
				VALIDATE_PRODUCT = YES;
			};
			name = Release;
		};
		25B3EB802D57C84F005DF855 /* Debug */ = {
			isa = XCBuildConfiguration;
			buildSettings = {
				ASSETCATALOG_COMPILER_APPICON_NAME = AppIcon;
				ASSETCATALOG_COMPILER_GLOBAL_ACCENT_COLOR_NAME = AccentColor;
				CODE_SIGN_STYLE = Automatic;
				CURRENT_PROJECT_VERSION = 1;
				ENABLE_PREVIEWS = YES;
				GENERATE_INFOPLIST_FILE = YES;
				INFOPLIST_FILE = GlobalFetchCounter/Info.plist;
				INFOPLIST_KEY_UIApplicationSceneManifest_Generation = YES;
				INFOPLIST_KEY_UIApplicationSupportsIndirectInputEvents = YES;
				INFOPLIST_KEY_UILaunchScreen_Generation = YES;
				INFOPLIST_KEY_UISupportedInterfaceOrientations_iPad = "UIInterfaceOrientationPortrait UIInterfaceOrientationPortraitUpsideDown UIInterfaceOrientationLandscapeLeft UIInterfaceOrientationLandscapeRight";
				INFOPLIST_KEY_UISupportedInterfaceOrientations_iPhone = "UIInterfaceOrientationPortrait UIInterfaceOrientationLandscapeLeft UIInterfaceOrientationLandscapeRight";
				IPHONEOS_DEPLOYMENT_TARGET = 16.0;
				LD_RUNPATH_SEARCH_PATHS = (
					"$(inherited)",
					"@executable_path/Frameworks",
				);
				MARKETING_VERSION = 1.0;
				PRODUCT_BUNDLE_IDENTIFIER = cankurtur.GlobalFetchCounter;
				PRODUCT_NAME = "$(TARGET_NAME)";
				SWIFT_EMIT_LOC_STRINGS = YES;
				SWIFT_VERSION = 5.0;
				TARGETED_DEVICE_FAMILY = "1,2";
			};
			name = Debug;
		};
		25B3EB812D57C84F005DF855 /* Release */ = {
			isa = XCBuildConfiguration;
			buildSettings = {
				ASSETCATALOG_COMPILER_APPICON_NAME = AppIcon;
				ASSETCATALOG_COMPILER_GLOBAL_ACCENT_COLOR_NAME = AccentColor;
				CODE_SIGN_STYLE = Automatic;
				CURRENT_PROJECT_VERSION = 1;
				ENABLE_PREVIEWS = YES;
				GENERATE_INFOPLIST_FILE = YES;
				INFOPLIST_FILE = GlobalFetchCounter/Info.plist;
				INFOPLIST_KEY_UIApplicationSceneManifest_Generation = YES;
				INFOPLIST_KEY_UIApplicationSupportsIndirectInputEvents = YES;
				INFOPLIST_KEY_UILaunchScreen_Generation = YES;
				INFOPLIST_KEY_UISupportedInterfaceOrientations_iPad = "UIInterfaceOrientationPortrait UIInterfaceOrientationPortraitUpsideDown UIInterfaceOrientationLandscapeLeft UIInterfaceOrientationLandscapeRight";
				INFOPLIST_KEY_UISupportedInterfaceOrientations_iPhone = "UIInterfaceOrientationPortrait UIInterfaceOrientationLandscapeLeft UIInterfaceOrientationLandscapeRight";
				IPHONEOS_DEPLOYMENT_TARGET = 16.0;
				LD_RUNPATH_SEARCH_PATHS = (
					"$(inherited)",
					"@executable_path/Frameworks",
				);
				MARKETING_VERSION = 1.0;
				PRODUCT_BUNDLE_IDENTIFIER = cankurtur.GlobalFetchCounter;
				PRODUCT_NAME = "$(TARGET_NAME)";
				SWIFT_EMIT_LOC_STRINGS = YES;
				SWIFT_VERSION = 5.0;
				TARGETED_DEVICE_FAMILY = "1,2";
			};
			name = Release;
		};
/* End XCBuildConfiguration section */

/* Begin XCConfigurationList section */
		25B3EB562D57C84E005DF855 /* Build configuration list for PBXProject "GlobalFetchCounter" */ = {
			isa = XCConfigurationList;
			buildConfigurations = (
				25B3EB7D2D57C84F005DF855 /* Debug */,
				25B3EB7E2D57C84F005DF855 /* Release */,
			);
			defaultConfigurationIsVisible = 0;
			defaultConfigurationName = Release;
		};
		25B3EB7F2D57C84F005DF855 /* Build configuration list for PBXNativeTarget "GlobalFetchCounter" */ = {
			isa = XCConfigurationList;
			buildConfigurations = (
				25B3EB802D57C84F005DF855 /* Debug */,
				25B3EB812D57C84F005DF855 /* Release */,
			);
			defaultConfigurationIsVisible = 0;
			defaultConfigurationName = Release;
		};
/* End XCConfigurationList section */

/* Begin XCLocalSwiftPackageReference section */
		252471EC2D595FD600625264 /* XCLocalSwiftPackageReference "GlobalFetchCounter/Packages/CommonKit" */ = {
			isa = XCLocalSwiftPackageReference;
			relativePath = GlobalFetchCounter/Packages/CommonKit;
		};
		252471EF2D595FE300625264 /* XCLocalSwiftPackageReference "GlobalFetchCounter/Packages/FetchCounterModule" */ = {
			isa = XCLocalSwiftPackageReference;
			relativePath = GlobalFetchCounter/Packages/FetchCounterModule;
		};
		252471F42D5964E700625264 /* XCLocalSwiftPackageReference "GlobalFetchCounter/Packages/ComponentKit" */ = {
			isa = XCLocalSwiftPackageReference;
			relativePath = GlobalFetchCounter/Packages/ComponentKit;
		};
		258DB7732D5A17E80030EFC2 /* XCLocalSwiftPackageReference "GlobalFetchCounter/Packages/ConfigKit" */ = {
			isa = XCLocalSwiftPackageReference;
			relativePath = GlobalFetchCounter/Packages/ConfigKit;
		};
/* End XCLocalSwiftPackageReference section */

/* Begin XCRemoteSwiftPackageReference section */
		25AF013F2D57EE8A00F26659 /* XCRemoteSwiftPackageReference "GlobalNetworking" */ = {
			isa = XCRemoteSwiftPackageReference;
			repositoryURL = "https://github.com/cankurtur-global/GlobalNetworking";
			requirement = {
				kind = upToNextMajorVersion;
				minimumVersion = 4.2.1;
			};
		};
/* End XCRemoteSwiftPackageReference section */

/* Begin XCSwiftPackageProductDependency section */
		252471ED2D595FD600625264 /* CommonKit */ = {
			isa = XCSwiftPackageProductDependency;
			productName = CommonKit;
		};
		252471F02D595FE300625264 /* FetchCounterModule */ = {
			isa = XCSwiftPackageProductDependency;
			productName = FetchCounterModule;
		};
		252471F52D5964E700625264 /* ComponentKit */ = {
			isa = XCSwiftPackageProductDependency;
			productName = ComponentKit;
		};
		258DB7712D5A17820030EFC2 /* ConfigKit */ = {
			isa = XCSwiftPackageProductDependency;
			productName = ConfigKit;
		};
		258DB7742D5A17E80030EFC2 /* ConfigKit */ = {
			isa = XCSwiftPackageProductDependency;
			productName = ConfigKit;
		};
		25AF01402D57EE8A00F26659 /* GlobalNetworking */ = {
			isa = XCSwiftPackageProductDependency;
			package = 25AF013F2D57EE8A00F26659 /* XCRemoteSwiftPackageReference "GlobalNetworking" */;
			productName = GlobalNetworking;
		};
/* End XCSwiftPackageProductDependency section */
	};
	rootObject = 25B3EB532D57C84E005DF855 /* Project object */;
}
