{
  "originHash" : "44436164174c209c88eceb0c449e21773ebf1b0a36a4c08393eb331e85a2f239",
  "pins" : [
    {
      "identity" : "globalnetworking",
      "kind" : "remoteSourceControl",
      "location" : "https://github.com/cankurtur-global/GlobalNetworking",
      "state" : {
        "revision" : "1dad3120a5164b212afc6191112feccd8aa6c753",
        "version" : "5.1.0"
      }
    }
  ],
  "version" : 3
}
