{
  "originHash" : "5e14d1e623811293463ed9b47c95992372f3a7cd473f96f160109711194b44e3",
  "pins" : [
    {
      "identity" : "globalnetworking",
      "kind" : "remoteSourceControl",
      "location" : "https://github.com/cankurtur-global/GlobalNetworking",
      "state" : {
        "revision" : "3bc8f0fff0652a4e07cc10ca9644998680b0ac6f",
        "version" : "4.4.2"
      }
    }
  ],
  "version" : 3
}
