{
  "originHash" : "b7ffcf611a96fbc3d35fc570112de9f6a1492d39b3f8aa86bf35f5f53a4f78bd",
  "pins" : [
    {
      "identity" : "globalnetworking",
      "kind" : "remoteSourceControl",
      "location" : "https://github.com/cankurtur-global/GlobalNetworking",
      "state" : {
        "revision" : "41382ce1d570fadd845c8e7f005c8338fe18550c",
        "version" : "4.2.1"
      }
    }
  ],
  "version" : 3
}
